
Microsoft Visual Studio Solution File, Format Version 12.00
# Visual Studio Version 17
VisualStudioVersion = 17.12.35707.178 d17.12
MinimumVisualStudioVersion = 10.0.40219.1
Project("{FAE04EC0-301F-11D3-BF4B-00C04F79EFBC}") = "ShopEasy", "ShopEasy\ShopEasy.csproj", "{CCE73EE6-523A-4566-86A4-FC49B57F5665}"
EndProject
Project("{FAE04EC0-301F-11D3-BF4B-00C04F79EFBC}") = "Domain", "Domain\Domain.csproj", "{223A753E-3122-40CC-927C-40220A737AB2}"
EndProject
Project("{FAE04EC0-301F-11D3-BF4B-00C04F79EFBC}") = "Infrastructure", "Infrastructure\Infrastructure.csproj", "{CCE84628-7C72-45F8-8C77-9EA4AEE94C13}"
EndProject
Project("{FAE04EC0-301F-11D3-BF4B-00C04F79EFBC}") = "Application", "Application\Application.csproj", "{9D9C29D9-2986-4BEC-A00E-AE3BA61B02EB}"
EndProject
Global
	GlobalSection(SolutionConfigurationPlatforms) = preSolution
		Debug|Any CPU = Debug|Any CPU
		Release|Any CPU = Release|Any CPU
	EndGlobalSection
	GlobalSection(ProjectConfigurationPlatforms) = postSolution
		{CCE73EE6-523A-4566-86A4-FC49B57F5665}.Debug|Any CPU.ActiveCfg = Debug|Any CPU
		{CCE73EE6-523A-4566-86A4-FC49B57F5665}.Debug|Any CPU.Build.0 = Debug|Any CPU
		{CCE73EE6-523A-4566-86A4-FC49B57F5665}.Release|Any CPU.ActiveCfg = Release|Any CPU
		{CCE73EE6-523A-4566-86A4-FC49B57F5665}.Release|Any CPU.Build.0 = Release|Any CPU
		{223A753E-3122-40CC-927C-40220A737AB2}.Debug|Any CPU.ActiveCfg = Debug|Any CPU
		{223A753E-3122-40CC-927C-40220A737AB2}.Debug|Any CPU.Build.0 = Debug|Any CPU
		{223A753E-3122-40CC-927C-40220A737AB2}.Release|Any CPU.ActiveCfg = Release|Any CPU
		{223A753E-3122-40CC-927C-40220A737AB2}.Release|Any CPU.Build.0 = Release|Any CPU
		{CCE84628-7C72-45F8-8C77-9EA4AEE94C13}.Debug|Any CPU.ActiveCfg = Debug|Any CPU
		{CCE84628-7C72-45F8-8C77-9EA4AEE94C13}.Debug|Any CPU.Build.0 = Debug|Any CPU
		{CCE84628-7C72-45F8-8C77-9EA4AEE94C13}.Release|Any CPU.ActiveCfg = Release|Any CPU
		{CCE84628-7C72-45F8-8C77-9EA4AEE94C13}.Release|Any CPU.Build.0 = Release|Any CPU
		{9D9C29D9-2986-4BEC-A00E-AE3BA61B02EB}.Debug|Any CPU.ActiveCfg = Debug|Any CPU
		{9D9C29D9-2986-4BEC-A00E-AE3BA61B02EB}.Debug|Any CPU.Build.0 = Debug|Any CPU
		{9D9C29D9-2986-4BEC-A00E-AE3BA61B02EB}.Release|Any CPU.ActiveCfg = Release|Any CPU
		{9D9C29D9-2986-4BEC-A00E-AE3BA61B02EB}.Release|Any CPU.Build.0 = Release|Any CPU
	EndGlobalSection
	GlobalSection(SolutionProperties) = preSolution
		HideSolutionNode = FALSE
	EndGlobalSection
EndGlobal
